{
  "name": "Cocobeanzies-Abode",
  "lockfileVersion": 3,
  "requires": true,
  "packages": {
    "": {
      "dependencies": {
        "@erpix3lt/ccapture.js": "github:Erpix3lt/fixed-transparent-ccapture.js"
      }
    },
    "node_modules/@erpix3lt/ccapture.js": {
      "version": "1.0.8",
      "resolved": "git+ssh://git@github.com/Erpix3lt/fixed-transparent-ccapture.js.git#0da974e54d5dd67a63fd2fea9da012eca7352fb2",
      "license": "MIT"
    }
  }
}
